
Microsoft Visual Studio Solution File, Format Version 12.00
# Visual Studio Version 16
VisualStudioVersion = 16.0.31613.86
MinimumVisualStudioVersion = 10.0.40219.1
Project("{9A19103F-16F7-4668-BE54-9A1E7A4F7556}") = "ExamCreator", "ExamCreator\ExamCreator.csproj", "{5C6069D1-42EB-4A79-8482-2862B76D2F17}"
EndProject
Project("{FAE04EC0-301F-11D3-BF4B-00C04F79EFBC}") = "PostFetcherService", "PostFetcherService\PostFetcherService.csproj", "{2F54D063-E60F-42CC-9DC4-16BF915145C3}"
EndProject
Global
	GlobalSection(SolutionConfigurationPlatforms) = preSolution
		Debug|Any CPU = Debug|Any CPU
		Release|Any CPU = Release|Any CPU
	EndGlobalSection
	GlobalSection(ProjectConfigurationPlatforms) = postSolution
		{5C6069D1-42EB-4A79-8482-2862B76D2F17}.Debug|Any CPU.ActiveCfg = Debug|Any CPU
		{5C6069D1-42EB-4A79-8482-2862B76D2F17}.Debug|Any CPU.Build.0 = Debug|Any CPU
		{5C6069D1-42EB-4A79-8482-2862B76D2F17}.Release|Any CPU.ActiveCfg = Release|Any CPU
		{5C6069D1-42EB-4A79-8482-2862B76D2F17}.Release|Any CPU.Build.0 = Release|Any CPU
		{2F54D063-E60F-42CC-9DC4-16BF915145C3}.Debug|Any CPU.ActiveCfg = Debug|Any CPU
		{2F54D063-E60F-42CC-9DC4-16BF915145C3}.Debug|Any CPU.Build.0 = Debug|Any CPU
		{2F54D063-E60F-42CC-9DC4-16BF915145C3}.Release|Any CPU.ActiveCfg = Release|Any CPU
		{2F54D063-E60F-42CC-9DC4-16BF915145C3}.Release|Any CPU.Build.0 = Release|Any CPU
	EndGlobalSection
	GlobalSection(SolutionProperties) = preSolution
		HideSolutionNode = FALSE
	EndGlobalSection
	GlobalSection(ExtensibilityGlobals) = postSolution
		SolutionGuid = {56C9A57A-97E9-4091-9231-CD46AF58E62A}
	EndGlobalSection
EndGlobal
